
Microsoft Visual Studio Solution File, Format Version 12.00
# Visual Studio Version 17
VisualStudioVersion = 17.10.35013.160
MinimumVisualStudioVersion = 10.0.40219.1
Project("{9A19103F-16F7-4668-BE54-9A1E7A4F7556}") = "MyTaskFunctionApp", "MyTaskFunctionApp\MyTaskFunctionApp.csproj", "{3E4501D6-2323-4644-9850-A89A5623B09C}"
EndProject
Global
	GlobalSection(SolutionConfigurationPlatforms) = preSolution
		Debug|Any CPU = Debug|Any CPU
		Release|Any CPU = Release|Any CPU
	EndGlobalSection
	GlobalSection(ProjectConfigurationPlatforms) = postSolution
		{3E4501D6-2323-4644-9850-A89A5623B09C}.Debug|Any CPU.ActiveCfg = Debug|Any CPU
		{3E4501D6-2323-4644-9850-A89A5623B09C}.Debug|Any CPU.Build.0 = Debug|Any CPU
		{3E4501D6-2323-4644-9850-A89A5623B09C}.Release|Any CPU.ActiveCfg = Release|Any CPU
		{3E4501D6-2323-4644-9850-A89A5623B09C}.Release|Any CPU.Build.0 = Release|Any CPU
	EndGlobalSection
	GlobalSection(SolutionProperties) = preSolution
		HideSolutionNode = FALSE
	EndGlobalSection
	GlobalSection(ExtensibilityGlobals) = postSolution
		SolutionGuid = {2DAD418A-C1B4-4583-BE1B-BE480A9835C1}
	EndGlobalSection
EndGlobal
